
Microsoft Visual Studio Solution File, Format Version 12.00
# Visual Studio Version 17
VisualStudioVersion = 17.1.32210.238
MinimumVisualStudioVersion = 10.0.40219.1
Project("{FAE04EC0-301F-11D3-BF4B-00C04F79EFBC}") = "Lab1(kg)", "Lab1(kg).csproj", "{F4276749-A2E3-4C0D-9D97-7AEE329D05D9}"
EndProject
Global
	GlobalSection(SolutionConfigurationPlatforms) = preSolution
		Debug|Any CPU = Debug|Any CPU
		Release|Any CPU = Release|Any CPU
	EndGlobalSection
	GlobalSection(ProjectConfigurationPlatforms) = postSolution
		{F4276749-A2E3-4C0D-9D97-7AEE329D05D9}.Debug|Any CPU.ActiveCfg = Debug|Any CPU
		{F4276749-A2E3-4C0D-9D97-7AEE329D05D9}.Debug|Any CPU.Build.0 = Debug|Any CPU
		{F4276749-A2E3-4C0D-9D97-7AEE329D05D9}.Release|Any CPU.ActiveCfg = Release|Any CPU
		{F4276749-A2E3-4C0D-9D97-7AEE329D05D9}.Release|Any CPU.Build.0 = Release|Any CPU
	EndGlobalSection
	GlobalSection(SolutionProperties) = preSolution
		HideSolutionNode = FALSE
	EndGlobalSection
	GlobalSection(ExtensibilityGlobals) = postSolution
		SolutionGuid = {BF5BAFBB-C1E9-4A02-9972-89D7C18F4D82}
	EndGlobalSection
EndGlobal
